
Microsoft Visual Studio Solution File, Format Version 12.00
# Visual Studio Version 16
VisualStudioVersion = 16.0.33801.447
MinimumVisualStudioVersion = 10.0.40219.1
Project("{FAE04EC0-301F-11D3-BF4B-00C04F79EFBC}") = "Webcam", "Webcam\Webcam.csproj", "{D38AE1B2-3256-4F65-ABD7-5DF609C56242}"
EndProject
Global
	GlobalSection(SolutionConfigurationPlatforms) = preSolution
		Debug|Any CPU = Debug|Any CPU
		Release|Any CPU = Release|Any CPU
	EndGlobalSection
	GlobalSection(ProjectConfigurationPlatforms) = postSolution
		{D38AE1B2-3256-4F65-ABD7-5DF609C56242}.Debug|Any CPU.ActiveCfg = Debug|Any CPU
		{D38AE1B2-3256-4F65-ABD7-5DF609C56242}.Debug|Any CPU.Build.0 = Debug|Any CPU
		{D38AE1B2-3256-4F65-ABD7-5DF609C56242}.Release|Any CPU.ActiveCfg = Release|Any CPU
		{D38AE1B2-3256-4F65-ABD7-5DF609C56242}.Release|Any CPU.Build.0 = Release|Any CPU
	EndGlobalSection
	GlobalSection(SolutionProperties) = preSolution
		HideSolutionNode = FALSE
	EndGlobalSection
	GlobalSection(ExtensibilityGlobals) = postSolution
		SolutionGuid = {24E3944D-CECB-46BE-8DC0-7765A93947D0}
	EndGlobalSection
EndGlobal
